// !$*UTF8*$!
{
	archiveVersion = 1;
	classes = {
	};
	objectVersion = 50;
	objects = {

/* Begin PBXBuildFile section */
		17F1496A250017C50079AC13 /* AppDelegate.swift in Sources */ = {isa = PBXBuildFile; fileRef = 17F14969250017C50079AC13 /* AppDelegate.swift */; };
		17F1496C250017C50079AC13 /* SceneDelegate.swift in Sources */ = {isa = PBXBuildFile; fileRef = 17F1496B250017C50079AC13 /* SceneDelegate.swift */; };
		17F1496E250017C50079AC13 /* ContentView.swift in Sources */ = {isa = PBXBuildFile; fileRef = 17F1496D250017C50079AC13 /* ContentView.swift */; };
		17F14970250017C90079AC13 /* Assets.xcassets in Resources */ = {isa = PBXBuildFile; fileRef = 17F1496F250017C90079AC13 /* Assets.xcassets */; };
		17F14973250017C90079AC13 /* Preview Assets.xcassets in Resources */ = {isa = PBXBuildFile; fileRef = 17F14972250017C90079AC13 /* Preview Assets.xcassets */; };
		17F14976250017C90079AC13 /* LaunchScreen.storyboard in Resources */ = {isa = PBXBuildFile; fileRef = 17F14974250017C90079AC13 /* LaunchScreen.storyboard */; };
		17F1498C250017C90079AC13 /* vogswiftchallengeUITests.swift in Sources */ = {isa = PBXBuildFile; fileRef = 17F1498B250017C90079AC13 /* vogswiftchallengeUITests.swift */; };
		17F1499F250051580079AC13 /* Responses.swift in Sources */ = {isa = PBXBuildFile; fileRef = 17F1499E250051580079AC13 /* Responses.swift */; };
		17F149A12500540A0079AC13 /* UserError.swift in Sources */ = {isa = PBXBuildFile; fileRef = 17F149A02500540A0079AC13 /* UserError.swift */; };
		17F149A5250069C90079AC13 /* Parsing.swift in Sources */ = {isa = PBXBuildFile; fileRef = 17F149A4250069C90079AC13 /* Parsing.swift */; };
		17F149A725006EB10079AC13 /* UserFetcher.swift in Sources */ = {isa = PBXBuildFile; fileRef = 17F149A625006EB10079AC13 /* UserFetcher.swift */; };
		17F149AB25018A330079AC13 /* URLProtocolMock.swift in Sources */ = {isa = PBXBuildFile; fileRef = 17F149AA25018A330079AC13 /* URLProtocolMock.swift */; };
		17F149AF250193490079AC13 /* UserFetcherTest.swift in Sources */ = {isa = PBXBuildFile; fileRef = 17F149AE250193490079AC13 /* UserFetcherTest.swift */; };
/* End PBXBuildFile section */

/* Begin PBXContainerItemProxy section */
		17F1497D250017C90079AC13 /* PBXContainerItemProxy */ = {
			isa = PBXContainerItemProxy;
			containerPortal = 17F1495E250017C50079AC13 /* Project object */;
			proxyType = 1;
			remoteGlobalIDString = 17F14965250017C50079AC13;
			remoteInfo = vogswiftchallenge;
		};
		17F14988250017C90079AC13 /* PBXContainerItemProxy */ = {
			isa = PBXContainerItemProxy;
			containerPortal = 17F1495E250017C50079AC13 /* Project object */;
			proxyType = 1;
			remoteGlobalIDString = 17F14965250017C50079AC13;
			remoteInfo = vogswiftchallenge;
		};
/* End PBXContainerItemProxy section */

/* Begin PBXFileReference section */
		17F14966250017C50079AC13 /* vogswiftchallenge.app */ = {isa = PBXFileReference; explicitFileType = wrapper.application; includeInIndex = 0; path = vogswiftchallenge.app; sourceTree = BUILT_PRODUCTS_DIR; };
		17F14969250017C50079AC13 /* AppDelegate.swift */ = {isa = PBXFileReference; lastKnownFileType = sourcecode.swift; path = AppDelegate.swift; sourceTree = "<group>"; };
		17F1496B250017C50079AC13 /* SceneDelegate.swift */ = {isa = PBXFileReference; lastKnownFileType = sourcecode.swift; path = SceneDelegate.swift; sourceTree = "<group>"; };
		17F1496D250017C50079AC13 /* ContentView.swift */ = {isa = PBXFileReference; lastKnownFileType = sourcecode.swift; path = ContentView.swift; sourceTree = "<group>"; };
		17F1496F250017C90079AC13 /* Assets.xcassets */ = {isa = PBXFileReference; lastKnownFileType = folder.assetcatalog; path = Assets.xcassets; sourceTree = "<group>"; };
		17F14972250017C90079AC13 /* Preview Assets.xcassets */ = {isa = PBXFileReference; lastKnownFileType = folder.assetcatalog; path = "Preview Assets.xcassets"; sourceTree = "<group>"; };
		17F14975250017C90079AC13 /* Base */ = {isa = PBXFileReference; lastKnownFileType = file.storyboard; name = Base; path = Base.lproj/LaunchScreen.storyboard; sourceTree = "<group>"; };
		17F14977250017C90079AC13 /* Info.plist */ = {isa = PBXFileReference; lastKnownFileType = text.plist.xml; path = Info.plist; sourceTree = "<group>"; };
		17F1497C250017C90079AC13 /* vogswiftchallengeTests.xctest */ = {isa = PBXFileReference; explicitFileType = wrapper.cfbundle; includeInIndex = 0; path = vogswiftchallengeTests.xctest; sourceTree = BUILT_PRODUCTS_DIR; };
		17F14982250017C90079AC13 /* Info.plist */ = {isa = PBXFileReference; lastKnownFileType = text.plist.xml; path = Info.plist; sourceTree = "<group>"; };
		17F14987250017C90079AC13 /* vogswiftchallengeUITests.xctest */ = {isa = PBXFileReference; explicitFileType = wrapper.cfbundle; includeInIndex = 0; path = vogswiftchallengeUITests.xctest; sourceTree = BUILT_PRODUCTS_DIR; };
		17F1498B250017C90079AC13 /* vogswiftchallengeUITests.swift */ = {isa = PBXFileReference; lastKnownFileType = sourcecode.swift; path = vogswiftchallengeUITests.swift; sourceTree = "<group>"; };
		17F1498D250017C90079AC13 /* Info.plist */ = {isa = PBXFileReference; lastKnownFileType = text.plist.xml; path = Info.plist; sourceTree = "<group>"; };
		17F1499E250051580079AC13 /* Responses.swift */ = {isa = PBXFileReference; lastKnownFileType = sourcecode.swift; path = Responses.swift; sourceTree = "<group>"; };
		17F149A02500540A0079AC13 /* UserError.swift */ = {isa = PBXFileReference; lastKnownFileType = sourcecode.swift; path = UserError.swift; sourceTree = "<group>"; };
		17F149A4250069C90079AC13 /* Parsing.swift */ = {isa = PBXFileReference; lastKnownFileType = sourcecode.swift; path = Parsing.swift; sourceTree = "<group>"; };
		17F149A625006EB10079AC13 /* UserFetcher.swift */ = {isa = PBXFileReference; lastKnownFileType = sourcecode.swift; path = UserFetcher.swift; sourceTree = "<group>"; };
		17F149AA25018A330079AC13 /* URLProtocolMock.swift */ = {isa = PBXFileReference; lastKnownFileType = sourcecode.swift; path = URLProtocolMock.swift; sourceTree = "<group>"; };
		17F149AE250193490079AC13 /* UserFetcherTest.swift */ = {isa = PBXFileReference; lastKnownFileType = sourcecode.swift; path = UserFetcherTest.swift; sourceTree = "<group>"; };
/* End PBXFileReference section */

/* Begin PBXFrameworksBuildPhase section */
		17F14963250017C50079AC13 /* Frameworks */ = {
			isa = PBXFrameworksBuildPhase;
			buildActionMask = 2147483647;
			files = (
			);
			runOnlyForDeploymentPostprocessing = 0;
		};
		17F14979250017C90079AC13 /* Frameworks */ = {
			isa = PBXFrameworksBuildPhase;
			buildActionMask = 2147483647;
			files = (
			);
			runOnlyForDeploymentPostprocessing = 0;
		};
		17F14984250017C90079AC13 /* Frameworks */ = {
			isa = PBXFrameworksBuildPhase;
			buildActionMask = 2147483647;
			files = (
			);
			runOnlyForDeploymentPostprocessing = 0;
		};
/* End PBXFrameworksBuildPhase section */

/* Begin PBXGroup section */
		17F1495D250017C50079AC13 = {
			isa = PBXGroup;
			children = (
				17F14968250017C50079AC13 /* vogswiftchallenge */,
				17F1497F250017C90079AC13 /* vogswiftchallengeTests */,
				17F1498A250017C90079AC13 /* vogswiftchallengeUITests */,
				17F14967250017C50079AC13 /* Products */,
			);
			sourceTree = "<group>";
		};
		17F14967250017C50079AC13 /* Products */ = {
			isa = PBXGroup;
			children = (
				17F14966250017C50079AC13 /* vogswiftchallenge.app */,
				17F1497C250017C90079AC13 /* vogswiftchallengeTests.xctest */,
				17F14987250017C90079AC13 /* vogswiftchallengeUITests.xctest */,
			);
			name = Products;
			sourceTree = "<group>";
		};
		17F14968250017C50079AC13 /* vogswiftchallenge */ = {
			isa = PBXGroup;
			children = (
				17F149A22500696E0079AC13 /* Utilities */,
				17F1499D250051000079AC13 /* User */,
				17F1499B250044470079AC13 /* Resources */,
				17F1499A250044190079AC13 /* Main */,
				17F14971250017C90079AC13 /* Preview Content */,
			);
			path = vogswiftchallenge;
			sourceTree = "<group>";
		};
		17F14971250017C90079AC13 /* Preview Content */ = {
			isa = PBXGroup;
			children = (
				17F14972250017C90079AC13 /* Preview Assets.xcassets */,
			);
			path = "Preview Content";
			sourceTree = "<group>";
		};
		17F1497F250017C90079AC13 /* vogswiftchallengeTests */ = {
			isa = PBXGroup;
			children = (
				17F149AC250192DC0079AC13 /* User */,
				17F14982250017C90079AC13 /* Info.plist */,
			);
			path = vogswiftchallengeTests;
			sourceTree = "<group>";
		};
		17F1498A250017C90079AC13 /* vogswiftchallengeUITests */ = {
			isa = PBXGroup;
			children = (
				17F1498B250017C90079AC13 /* vogswiftchallengeUITests.swift */,
				17F1498D250017C90079AC13 /* Info.plist */,
			);
			path = vogswiftchallengeUITests;
			sourceTree = "<group>";
		};
		17F1499A250044190079AC13 /* Main */ = {
			isa = PBXGroup;
			children = (
				17F14969250017C50079AC13 /* AppDelegate.swift */,
				17F1496B250017C50079AC13 /* SceneDelegate.swift */,
				17F1496D250017C50079AC13 /* ContentView.swift */,
			);
			path = Main;
			sourceTree = "<group>";
		};
		17F1499B250044470079AC13 /* Resources */ = {
			isa = PBXGroup;
			children = (
				17F1496F250017C90079AC13 /* Assets.xcassets */,
				17F14974250017C90079AC13 /* LaunchScreen.storyboard */,
				17F14977250017C90079AC13 /* Info.plist */,
			);
			path = Resources;
			sourceTree = "<group>";
		};
		17F1499D250051000079AC13 /* User */ = {
			isa = PBXGroup;
			children = (
				17F149A825006EC80079AC13 /* UserAPI */,
				17F1499E250051580079AC13 /* Responses.swift */,
				17F149A02500540A0079AC13 /* UserError.swift */,
			);
			path = User;
			sourceTree = "<group>";
		};
		17F149A22500696E0079AC13 /* Utilities */ = {
			isa = PBXGroup;
			children = (
				17F149A92501809F0079AC13 /* Mock */,
				17F149A32500698A0079AC13 /* Parsing */,
			);
			path = Utilities;
			sourceTree = "<group>";
		};
		17F149A32500698A0079AC13 /* Parsing */ = {
			isa = PBXGroup;
			children = (
				17F149A4250069C90079AC13 /* Parsing.swift */,
			);
			path = Parsing;
			sourceTree = "<group>";
		};
		17F149A825006EC80079AC13 /* UserAPI */ = {
			isa = PBXGroup;
			children = (
				17F149A625006EB10079AC13 /* UserFetcher.swift */,
			);
			path = UserAPI;
			sourceTree = "<group>";
		};
		17F149A92501809F0079AC13 /* Mock */ = {
			isa = PBXGroup;
			children = (
				17F149AA25018A330079AC13 /* URLProtocolMock.swift */,
			);
			path = Mock;
			sourceTree = "<group>";
		};
		17F149AC250192DC0079AC13 /* User */ = {
			isa = PBXGroup;
			children = (
				17F149AD250192E60079AC13 /* UserAPI */,
			);
			path = User;
			sourceTree = "<group>";
		};
		17F149AD250192E60079AC13 /* UserAPI */ = {
			isa = PBXGroup;
			children = (
				17F149AE250193490079AC13 /* UserFetcherTest.swift */,
			);
			path = UserAPI;
			sourceTree = "<group>";
		};
/* End PBXGroup section */

/* Begin PBXNativeTarget section */
		17F14965250017C50079AC13 /* vogswiftchallenge */ = {
			isa = PBXNativeTarget;
			buildConfigurationList = 17F14990250017C90079AC13 /* Build configuration list for PBXNativeTarget "vogswiftchallenge" */;
			buildPhases = (
				17F14962250017C50079AC13 /* Sources */,
				17F14963250017C50079AC13 /* Frameworks */,
				17F14964250017C50079AC13 /* Resources */,
			);
			buildRules = (
			);
			dependencies = (
			);
			name = vogswiftchallenge;
			productName = vogswiftchallenge;
			productReference = 17F14966250017C50079AC13 /* vogswiftchallenge.app */;
			productType = "com.apple.product-type.application";
		};
		17F1497B250017C90079AC13 /* vogswiftchallengeTests */ = {
			isa = PBXNativeTarget;
			buildConfigurationList = 17F14993250017C90079AC13 /* Build configuration list for PBXNativeTarget "vogswiftchallengeTests" */;
			buildPhases = (
				17F14978250017C90079AC13 /* Sources */,
				17F14979250017C90079AC13 /* Frameworks */,
				17F1497A250017C90079AC13 /* Resources */,
			);
			buildRules = (
			);
			dependencies = (
				17F1497E250017C90079AC13 /* PBXTargetDependency */,
			);
			name = vogswiftchallengeTests;
			productName = vogswiftchallengeTests;
			productReference = 17F1497C250017C90079AC13 /* vogswiftchallengeTests.xctest */;
			productType = "com.apple.product-type.bundle.unit-test";
		};
		17F14986250017C90079AC13 /* vogswiftchallengeUITests */ = {
			isa = PBXNativeTarget;
			buildConfigurationList = 17F14996250017C90079AC13 /* Build configuration list for PBXNativeTarget "vogswiftchallengeUITests" */;
			buildPhases = (
				17F14983250017C90079AC13 /* Sources */,
				17F14984250017C90079AC13 /* Frameworks */,
				17F14985250017C90079AC13 /* Resources */,
			);
			buildRules = (
			);
			dependencies = (
				17F14989250017C90079AC13 /* PBXTargetDependency */,
			);
			name = vogswiftchallengeUITests;
			productName = vogswiftchallengeUITests;
			productReference = 17F14987250017C90079AC13 /* vogswiftchallengeUITests.xctest */;
			productType = "com.apple.product-type.bundle.ui-testing";
		};
/* End PBXNativeTarget section */

/* Begin PBXProject section */
		17F1495E250017C50079AC13 /* Project object */ = {
			isa = PBXProject;
			attributes = {
				LastSwiftUpdateCheck = 1130;
				LastUpgradeCheck = 1130;
				ORGANIZATIONNAME = "Olaide Nojeem Ekeolere";
				TargetAttributes = {
					17F14965250017C50079AC13 = {
						CreatedOnToolsVersion = 11.3.1;
					};
					17F1497B250017C90079AC13 = {
						CreatedOnToolsVersion = 11.3.1;
						TestTargetID = 17F14965250017C50079AC13;
					};
					17F14986250017C90079AC13 = {
						CreatedOnToolsVersion = 11.3.1;
						TestTargetID = 17F14965250017C50079AC13;
					};
				};
			};
			buildConfigurationList = 17F14961250017C50079AC13 /* Build configuration list for PBXProject "vogswiftchallenge" */;
			compatibilityVersion = "Xcode 9.3";
			developmentRegion = en;
			hasScannedForEncodings = 0;
			knownRegions = (
				en,
				Base,
			);
			mainGroup = 17F1495D250017C50079AC13;
			productRefGroup = 17F14967250017C50079AC13 /* Products */;
			projectDirPath = "";
			projectRoot = "";
			targets = (
				17F14965250017C50079AC13 /* vogswiftchallenge */,
				17F1497B250017C90079AC13 /* vogswiftchallengeTests */,
				17F14986250017C90079AC13 /* vogswiftchallengeUITests */,
			);
		};
/* End PBXProject section */

/* Begin PBXResourcesBuildPhase section */
		17F14964250017C50079AC13 /* Resources */ = {
			isa = PBXResourcesBuildPhase;
			buildActionMask = 2147483647;
			files = (
				17F14976250017C90079AC13 /* LaunchScreen.storyboard in Resources */,
				17F14973250017C90079AC13 /* Preview Assets.xcassets in Resources */,
				17F14970250017C90079AC13 /* Assets.xcassets in Resources */,
			);
			runOnlyForDeploymentPostprocessing = 0;
		};
		17F1497A250017C90079AC13 /* Resources */ = {
			isa = PBXResourcesBuildPhase;
			buildActionMask = 2147483647;
			files = (
			);
			runOnlyForDeploymentPostprocessing = 0;
		};
		17F14985250017C90079AC13 /* Resources */ = {
			isa = PBXResourcesBuildPhase;
			buildActionMask = 2147483647;
			files = (
			);
			runOnlyForDeploymentPostprocessing = 0;
		};
/* End PBXResourcesBuildPhase section */

/* Begin PBXSourcesBuildPhase section */
		17F14962250017C50079AC13 /* Sources */ = {
			isa = PBXSourcesBuildPhase;
			buildActionMask = 2147483647;
			files = (
				17F1499F250051580079AC13 /* Responses.swift in Sources */,
				17F1496A250017C50079AC13 /* AppDelegate.swift in Sources */,
				17F149A725006EB10079AC13 /* UserFetcher.swift in Sources */,
				17F1496C250017C50079AC13 /* SceneDelegate.swift in Sources */,
				17F149A12500540A0079AC13 /* UserError.swift in Sources */,
				17F149A5250069C90079AC13 /* Parsing.swift in Sources */,
				17F1496E250017C50079AC13 /* ContentView.swift in Sources */,
				17F149AB25018A330079AC13 /* URLProtocolMock.swift in Sources */,
			);
			runOnlyForDeploymentPostprocessing = 0;
		};
		17F14978250017C90079AC13 /* Sources */ = {
			isa = PBXSourcesBuildPhase;
			buildActionMask = 2147483647;
			files = (
				17F149AF250193490079AC13 /* UserFetcherTest.swift in Sources */,
			);
			runOnlyForDeploymentPostprocessing = 0;
		};
		17F14983250017C90079AC13 /* Sources */ = {
			isa = PBXSourcesBuildPhase;
			buildActionMask = 2147483647;
			files = (
				17F1498C250017C90079AC13 /* vogswiftchallengeUITests.swift in Sources */,
			);
			runOnlyForDeploymentPostprocessing = 0;
		};
/* End PBXSourcesBuildPhase section */

/* Begin PBXTargetDependency section */
		17F1497E250017C90079AC13 /* PBXTargetDependency */ = {
			isa = PBXTargetDependency;
			target = 17F14965250017C50079AC13 /* vogswiftchallenge */;
			targetProxy = 17F1497D250017C90079AC13 /* PBXContainerItemProxy */;
		};
		17F14989250017C90079AC13 /* PBXTargetDependency */ = {
			isa = PBXTargetDependency;
			target = 17F14965250017C50079AC13 /* vogswiftchallenge */;
			targetProxy = 17F14988250017C90079AC13 /* PBXContainerItemProxy */;
		};
/* End PBXTargetDependency section */

/* Begin PBXVariantGroup section */
		17F14974250017C90079AC13 /* LaunchScreen.storyboard */ = {
			isa = PBXVariantGroup;
			children = (
				17F14975250017C90079AC13 /* Base */,
			);
			name = LaunchScreen.storyboard;
			sourceTree = "<group>";
		};
/* End PBXVariantGroup section */

/* Begin XCBuildConfiguration section */
		17F1498E250017C90079AC13 /* Debug */ = {
			isa = XCBuildConfiguration;
			buildSettings = {
				ALWAYS_SEARCH_USER_PATHS = NO;
				CLANG_ANALYZER_NONNULL = YES;
				CLANG_ANALYZER_NUMBER_OBJECT_CONVERSION = YES_AGGRESSIVE;
				CLANG_CXX_LANGUAGE_STANDARD = "gnu++14";
				CLANG_CXX_LIBRARY = "libc++";
				CLANG_ENABLE_MODULES = YES;
				CLANG_ENABLE_OBJC_ARC = YES;
				CLANG_ENABLE_OBJC_WEAK = YES;
				CLANG_WARN_BLOCK_CAPTURE_AUTORELEASING = YES;
				CLANG_WARN_BOOL_CONVERSION = YES;
				CLANG_WARN_COMMA = YES;
				CLANG_WARN_CONSTANT_CONVERSION = YES;
				CLANG_WARN_DEPRECATED_OBJC_IMPLEMENTATIONS = YES;
				CLANG_WARN_DIRECT_OBJC_ISA_USAGE = YES_ERROR;
				CLANG_WARN_DOCUMENTATION_COMMENTS = YES;
				CLANG_WARN_EMPTY_BODY = YES;
				CLANG_WARN_ENUM_CONVERSION = YES;
				CLANG_WARN_INFINITE_RECURSION = YES;
				CLANG_WARN_INT_CONVERSION = YES;
				CLANG_WARN_NON_LITERAL_NULL_CONVERSION = YES;
				CLANG_WARN_OBJC_IMPLICIT_RETAIN_SELF = YES;
				CLANG_WARN_OBJC_LITERAL_CONVERSION = YES;
				CLANG_WARN_OBJC_ROOT_CLASS = YES_ERROR;
				CLANG_WARN_RANGE_LOOP_ANALYSIS = YES;
				CLANG_WARN_STRICT_PROTOTYPES = YES;
				CLANG_WARN_SUSPICIOUS_MOVE = YES;
				CLANG_WARN_UNGUARDED_AVAILABILITY = YES_AGGRESSIVE;
				CLANG_WARN_UNREACHABLE_CODE = YES;
				CLANG_WARN__DUPLICATE_METHOD_MATCH = YES;
				COPY_PHASE_STRIP = NO;
				DEBUG_INFORMATION_FORMAT = dwarf;
				ENABLE_STRICT_OBJC_MSGSEND = YES;
				ENABLE_TESTABILITY = YES;
				GCC_C_LANGUAGE_STANDARD = gnu11;
				GCC_DYNAMIC_NO_PIC = NO;
				GCC_NO_COMMON_BLOCKS = YES;
				GCC_OPTIMIZATION_LEVEL = 0;
				GCC_PREPROCESSOR_DEFINITIONS = (
					"DEBUG=1",
					"$(inherited)",
				);
				GCC_WARN_64_TO_32_BIT_CONVERSION = YES;
				GCC_WARN_ABOUT_RETURN_TYPE = YES_ERROR;
				GCC_WARN_UNDECLARED_SELECTOR = YES;
				GCC_WARN_UNINITIALIZED_AUTOS = YES_AGGRESSIVE;
				GCC_WARN_UNUSED_FUNCTION = YES;
				GCC_WARN_UNUSED_VARIABLE = YES;
				IPHONEOS_DEPLOYMENT_TARGET = 13.2;
				MTL_ENABLE_DEBUG_INFO = INCLUDE_SOURCE;
				MTL_FAST_MATH = YES;
				ONLY_ACTIVE_ARCH = YES;
				SDKROOT = iphoneos;
				SWIFT_ACTIVE_COMPILATION_CONDITIONS = DEBUG;
				SWIFT_OPTIMIZATION_LEVEL = "-Onone";
			};
			name = Debug;
		};
		17F1498F250017C90079AC13 /* Release */ = {
			isa = XCBuildConfiguration;
			buildSettings = {
				ALWAYS_SEARCH_USER_PATHS = NO;
				CLANG_ANALYZER_NONNULL = YES;
				CLANG_ANALYZER_NUMBER_OBJECT_CONVERSION = YES_AGGRESSIVE;
				CLANG_CXX_LANGUAGE_STANDARD = "gnu++14";
				CLANG_CXX_LIBRARY = "libc++";
				CLANG_ENABLE_MODULES = YES;
				CLANG_ENABLE_OBJC_ARC = YES;
				CLANG_ENABLE_OBJC_WEAK = YES;
				CLANG_WARN_BLOCK_CAPTURE_AUTORELEASING = YES;
				CLANG_WARN_BOOL_CONVERSION = YES;
				CLANG_WARN_COMMA = YES;
				CLANG_WARN_CONSTANT_CONVERSION = YES;
				CLANG_WARN_DEPRECATED_OBJC_IMPLEMENTATIONS = YES;
				CLANG_WARN_DIRECT_OBJC_ISA_USAGE = YES_ERROR;
				CLANG_WARN_DOCUMENTATION_COMMENTS = YES;
				CLANG_WARN_EMPTY_BODY = YES;
				CLANG_WARN_ENUM_CONVERSION = YES;
				CLANG_WARN_INFINITE_RECURSION = YES;
				CLANG_WARN_INT_CONVERSION = YES;
				CLANG_WARN_NON_LITERAL_NULL_CONVERSION = YES;
				CLANG_WARN_OBJC_IMPLICIT_RETAIN_SELF = YES;
				CLANG_WARN_OBJC_LITERAL_CONVERSION = YES;
				CLANG_WARN_OBJC_ROOT_CLASS = YES_ERROR;
				CLANG_WARN_RANGE_LOOP_ANALYSIS = YES;
				CLANG_WARN_STRICT_PROTOTYPES = YES;
				CLANG_WARN_SUSPICIOUS_MOVE = YES;
				CLANG_WARN_UNGUARDED_AVAILABILITY = YES_AGGRESSIVE;
				CLANG_WARN_UNREACHABLE_CODE = YES;
				CLANG_WARN__DUPLICATE_METHOD_MATCH = YES;
				COPY_PHASE_STRIP = NO;
				DEBUG_INFORMATION_FORMAT = "dwarf-with-dsym";
				ENABLE_NS_ASSERTIONS = NO;
				ENABLE_STRICT_OBJC_MSGSEND = YES;
				GCC_C_LANGUAGE_STANDARD = gnu11;
				GCC_NO_COMMON_BLOCKS = YES;
				GCC_WARN_64_TO_32_BIT_CONVERSION = YES;
				GCC_WARN_ABOUT_RETURN_TYPE = YES_ERROR;
				GCC_WARN_UNDECLARED_SELECTOR = YES;
				GCC_WARN_UNINITIALIZED_AUTOS = YES_AGGRESSIVE;
				GCC_WARN_UNUSED_FUNCTION = YES;
				GCC_WARN_UNUSED_VARIABLE = YES;
				IPHONEOS_DEPLOYMENT_TARGET = 13.2;
				MTL_ENABLE_DEBUG_INFO = NO;
				MTL_FAST_MATH = YES;
				SDKROOT = iphoneos;
				SWIFT_COMPILATION_MODE = wholemodule;
				SWIFT_OPTIMIZATION_LEVEL = "-O";
				VALIDATE_PRODUCT = YES;
			};
			name = Release;
		};
		17F14991250017C90079AC13 /* Debug */ = {
			isa = XCBuildConfiguration;
			buildSettings = {
				ASSETCATALOG_COMPILER_APPICON_NAME = AppIcon;
				CODE_SIGN_STYLE = Automatic;
				DEVELOPMENT_ASSET_PATHS = "\"vogswiftchallenge/Preview Content\"";
				ENABLE_PREVIEWS = YES;
				INFOPLIST_FILE = vogswiftchallenge/Resources/Info.plist;
				LD_RUNPATH_SEARCH_PATHS = (
					"$(inherited)",
					"@executable_path/Frameworks",
				);
				PRODUCT_BUNDLE_IDENTIFIER = com.olaide.vogswiftchallenge;
				PRODUCT_NAME = "$(TARGET_NAME)";
				SWIFT_VERSION = 5.0;
				TARGETED_DEVICE_FAMILY = "1,2";
			};
			name = Debug;
		};
		17F14992250017C90079AC13 /* Release */ = {
			isa = XCBuildConfiguration;
			buildSettings = {
				ASSETCATALOG_COMPILER_APPICON_NAME = AppIcon;
				CODE_SIGN_STYLE = Automatic;
				DEVELOPMENT_ASSET_PATHS = "\"vogswiftchallenge/Preview Content\"";
				ENABLE_PREVIEWS = YES;
				INFOPLIST_FILE = vogswiftchallenge/Resources/Info.plist;
				LD_RUNPATH_SEARCH_PATHS = (
					"$(inherited)",
					"@executable_path/Frameworks",
				);
				PRODUCT_BUNDLE_IDENTIFIER = com.olaide.vogswiftchallenge;
				PRODUCT_NAME = "$(TARGET_NAME)";
				SWIFT_VERSION = 5.0;
				TARGETED_DEVICE_FAMILY = "1,2";
			};
			name = Release;
		};
		17F14994250017C90079AC13 /* Debug */ = {
			isa = XCBuildConfiguration;
			buildSettings = {
				ALWAYS_EMBED_SWIFT_STANDARD_LIBRARIES = YES;
				BUNDLE_LOADER = "$(TEST_HOST)";
				CODE_SIGN_STYLE = Automatic;
				INFOPLIST_FILE = vogswiftchallengeTests/Info.plist;
				IPHONEOS_DEPLOYMENT_TARGET = 13.2;
				LD_RUNPATH_SEARCH_PATHS = (
					"$(inherited)",
					"@executable_path/Frameworks",
					"@loader_path/Frameworks",
				);
				PRODUCT_BUNDLE_IDENTIFIER = com.olaide.vogswiftchallengeTests;
				PRODUCT_NAME = "$(TARGET_NAME)";
				SWIFT_VERSION = 5.0;
				TARGETED_DEVICE_FAMILY = "1,2";
				TEST_HOST = "$(BUILT_PRODUCTS_DIR)/vogswiftchallenge.app/vogswiftchallenge";
			};
			name = Debug;
		};
		17F14995250017C90079AC13 /* Release */ = {
			isa = XCBuildConfiguration;
			buildSettings = {
				ALWAYS_EMBED_SWIFT_STANDARD_LIBRARIES = YES;
				BUNDLE_LOADER = "$(TEST_HOST)";
				CODE_SIGN_STYLE = Automatic;
				INFOPLIST_FILE = vogswiftchallengeTests/Info.plist;
				IPHONEOS_DEPLOYMENT_TARGET = 13.2;
				LD_RUNPATH_SEARCH_PATHS = (
					"$(inherited)",
					"@executable_path/Frameworks",
					"@loader_path/Frameworks",
				);
				PRODUCT_BUNDLE_IDENTIFIER = com.olaide.vogswiftchallengeTests;
				PRODUCT_NAME = "$(TARGET_NAME)";
				SWIFT_VERSION = 5.0;
				TARGETED_DEVICE_FAMILY = "1,2";
				TEST_HOST = "$(BUILT_PRODUCTS_DIR)/vogswiftchallenge.app/vogswiftchallenge";
			};
			name = Release;
		};
		17F14997250017C90079AC13 /* Debug */ = {
			isa = XCBuildConfiguration;
			buildSettings = {
				ALWAYS_EMBED_SWIFT_STANDARD_LIBRARIES = YES;
				CODE_SIGN_STYLE = Automatic;
				INFOPLIST_FILE = vogswiftchallengeUITests/Info.plist;
				LD_RUNPATH_SEARCH_PATHS = (
					"$(inherited)",
					"@executable_path/Frameworks",
					"@loader_path/Frameworks",
				);
				PRODUCT_BUNDLE_IDENTIFIER = com.olaide.vogswiftchallengeUITests;
				PRODUCT_NAME = "$(TARGET_NAME)";
				SWIFT_VERSION = 5.0;
				TARGETED_DEVICE_FAMILY = "1,2";
				TEST_TARGET_NAME = vogswiftchallenge;
			};
			name = Debug;
		};
		17F14998250017C90079AC13 /* Release */ = {
			isa = XCBuildConfiguration;
			buildSettings = {
				ALWAYS_EMBED_SWIFT_STANDARD_LIBRARIES = YES;
				CODE_SIGN_STYLE = Automatic;
				INFOPLIST_FILE = vogswiftchallengeUITests/Info.plist;
				LD_RUNPATH_SEARCH_PATHS = (
					"$(inherited)",
					"@executable_path/Frameworks",
					"@loader_path/Frameworks",
				);
				PRODUCT_BUNDLE_IDENTIFIER = com.olaide.vogswiftchallengeUITests;
				PRODUCT_NAME = "$(TARGET_NAME)";
				SWIFT_VERSION = 5.0;
				TARGETED_DEVICE_FAMILY = "1,2";
				TEST_TARGET_NAME = vogswiftchallenge;
			};
			name = Release;
		};
/* End XCBuildConfiguration section */

/* Begin XCConfigurationList section */
		17F14961250017C50079AC13 /* Build configuration list for PBXProject "vogswiftchallenge" */ = {
			isa = XCConfigurationList;
			buildConfigurations = (
				17F1498E250017C90079AC13 /* Debug */,
				17F1498F250017C90079AC13 /* Release */,
			);
			defaultConfigurationIsVisible = 0;
			defaultConfigurationName = Release;
		};
		17F14990250017C90079AC13 /* Build configuration list for PBXNativeTarget "vogswiftchallenge" */ = {
			isa = XCConfigurationList;
			buildConfigurations = (
				17F14991250017C90079AC13 /* Debug */,
				17F14992250017C90079AC13 /* Release */,
			);
			defaultConfigurationIsVisible = 0;
			defaultConfigurationName = Release;
		};
		17F14993250017C90079AC13 /* Build configuration list for PBXNativeTarget "vogswiftchallengeTests" */ = {
			isa = XCConfigurationList;
			buildConfigurations = (
				17F14994250017C90079AC13 /* Debug */,
				17F14995250017C90079AC13 /* Release */,
			);
			defaultConfigurationIsVisible = 0;
			defaultConfigurationName = Release;
		};
		17F14996250017C90079AC13 /* Build configuration list for PBXNativeTarget "vogswiftchallengeUITests" */ = {
			isa = XCConfigurationList;
			buildConfigurations = (
				17F14997250017C90079AC13 /* Debug */,
				17F14998250017C90079AC13 /* Release */,
			);
			defaultConfigurationIsVisible = 0;
			defaultConfigurationName = Release;
		};
/* End XCConfigurationList section */
	};
	rootObject = 17F1495E250017C50079AC13 /* Project object */;
}
